
Microsoft Visual Studio Solution File, Format Version 10.00
# Visual Studio 2008
Project("{8BC9CEB8-8B4A-11D0-8D11-00A0C91BC942}") = "Area", "Area\Area.vcproj", "{AF4AC5B9-DC8F-4DE9-8758-D53E68E0FAA1}"
EndProject
Global
	GlobalSection(SolutionConfigurationPlatforms) = preSolution
		Debug|Win32 = Debug|Win32
		Release|Win32 = Release|Win32
	EndGlobalSection
	GlobalSection(ProjectConfigurationPlatforms) = postSolution
		{AF4AC5B9-DC8F-4DE9-8758-D53E68E0FAA1}.Debug|Win32.ActiveCfg = Debug|Win32
		{AF4AC5B9-DC8F-4DE9-8758-D53E68E0FAA1}.Debug|Win32.Build.0 = Debug|Win32
		{AF4AC5B9-DC8F-4DE9-8758-D53E68E0FAA1}.Release|Win32.ActiveCfg = Release|Win32
		{AF4AC5B9-DC8F-4DE9-8758-D53E68E0FAA1}.Release|Win32.Build.0 = Release|Win32
	EndGlobalSection
	GlobalSection(SolutionProperties) = preSolution
		HideSolutionNode = FALSE
	EndGlobalSection
EndGlobal
